
Microsoft Visual Studio Solution File, Format Version 10.00
# Visual C# Express 2008
Project("{FAE04EC0-301F-11D3-BF4B-00C04F79EFBC}") = "DonaChica", "DonaChica\DonaChica.csproj", "{5A241A3B-2D45-429F-85F5-B305B1307F87}"
EndProject
Global
	GlobalSection(SolutionConfigurationPlatforms) = preSolution
		Debug|Any CPU = Debug|Any CPU
		Release|Any CPU = Release|Any CPU
	EndGlobalSection
	GlobalSection(ProjectConfigurationPlatforms) = postSolution
		{5A241A3B-2D45-429F-85F5-B305B1307F87}.Debug|Any CPU.ActiveCfg = Debug|Any CPU
		{5A241A3B-2D45-429F-85F5-B305B1307F87}.Debug|Any CPU.Build.0 = Debug|Any CPU
		{5A241A3B-2D45-429F-85F5-B305B1307F87}.Release|Any CPU.ActiveCfg = Release|Any CPU
		{5A241A3B-2D45-429F-85F5-B305B1307F87}.Release|Any CPU.Build.0 = Release|Any CPU
	EndGlobalSection
	GlobalSection(SolutionProperties) = preSolution
		HideSolutionNode = FALSE
	EndGlobalSection
EndGlobal
